TRIVY_UPSTREAM_VERSION=0.72.0
TRIVY_CUSTOM_VERSION=0.72.0-cheby.1
TRIVY_UPSTREAM_COMMIT=8a32853686209a428179bb3a1688802b25691564
TRIVY_SOURCE_URL=https://github.com/aquasecurity/trivy/archive/8a32853686209a428179bb3a1688802b25691564.tar.gz
TRIVY_SOURCE_SHA256=5a922c388846d11345ce8283e4373be312458f002abc667c3cd1f77c43163725
TRIVY_UPSTREAM_GO_MOD_SHA256=4f1207875bb6102121cba9871f7da8af158096e6fff0759a3a37adf1beea7d24
TRIVY_UPSTREAM_GO_SUM_SHA256=4c0326b979bd53518d23944a1ceed5d177a1c5c792074dd82f0fbb3b98e3a879
TRIVY_PATCHED_GO_MOD_SHA256=2a11b375757e277f3a56a3125b8c6adf373241614afeb777ca50264e004a65e2
TRIVY_PATCHED_GO_SUM_SHA256=5340573f39cba663800d92e85b6cac2ae001307c4c1d0b084ae29d4f5fec9831
TRIVY_MODULE_GRAPH_SHA256=0f5e6b935f789441b411705543bed99ef41ca57cd10adea7c6a23dd581400767
TRIVY_ORAS_MODULE=oras.land/oras-go/v2
TRIVY_ORAS_UPSTREAM_VERSION=v2.6.0
TRIVY_ORAS_PATCHED_VERSION=v2.6.2
GO_BUILDER_REFERENCE=golang:1.26.5-alpine3.24@sha256:0178a641fbb4858c5f1b48e34bdaabe0350a330a1b1149aabd498d0699ff5fb2
GO_VERSION=1.26.5
GOENV=off
GOWORK=off
GOTOOLCHAIN=local
GOPROXY=https://proxy.golang.org
GOSUMDB=sum.golang.org
GOPRIVATE=
GONOSUMDB=
GONOPROXY=
GOINSECURE=
SCANNER_BINARY_SHA256=30329a9bfa5c4b29e7f0b3552ae7430ef011b73963033e9b028e2003bcd08a39
OFFICIAL_TRIVY_REFERENCE=ghcr.io/aquasecurity/trivy:0.72.0@sha256:cffe3f5161a47a6823fbd23d985795b3ed72a4c806da4c4df16266c02accdd6f
COSIGN_CERTIFICATE_IDENTITY_REGEXP=https://github\.com/aquasecurity/trivy/\.github/workflows/.+
COSIGN_CERTIFICATE_OIDC_ISSUER=https://token.actions.githubusercontent.com
