CHEBY_RUNTIME_VERSION='4.1.0-dev34'
TERMUX_PROOT_OVERLAY_ASSET='termux-proot-overlay-aarch64.tar.zst'
TERMUX_PROOT_OVERLAY_SHA256='334a0e6aa93cf3264f416879d4a95ee5ad9df52a9c202f12436b07eaf7bc067c'
PROOT_VERSION='5.1.107.89'
PROOT_PACKAGE_SHA256='ec9fe38c50cfd49dd31fe360ffbcc3124a945dc1ea16293a8a769303dd724f46'
LIBANDROID_SHMEM_VERSION='0.7'
LIBANDROID_SHMEM_PACKAGE_SHA256='0da3a24d558b93c92bcf8d611e0826a99ff96e396b148e6cdf33b47c47c57ff6'
LIBTALLOC_VERSION='2.4.3'
LIBTALLOC_PACKAGE_SHA256='ac81ad623d74c209718b9f3acb2dd702cc8a88c431e820d212229910b4db29da'
DEBIAN_IMAGE='debian:13.6-slim'
DEBIAN_CONFIG_DIGEST='sha256:95fa189f90cf43d92e30c8881641040941d5fcf5e32df85750b54b24a8e3102c'
DEBIAN_ROOTFS_LAYER_DIGEST='sha256:1b7200988f192e72703c70486d494e2457935ac9b0f031ac09eb115b01a12d45'
DEBIAN_ROOTFS_ASSET='debian-rootfs-aarch64.tar.zst'
DEBIAN_ROOTFS_SHA256='ef6acc3d5842700dfc879e3ca83532a4b2c495ebb8a4a7cac645cbfd7aa56c7e'
BASE_CODEX_VERSION='0.147.0'
CODEX_VERSION='0.153.4'
CODEX_ARCHIVE_ASSET='codex-linux-arm64.tgz'
CODEX_ARCHIVE_URL='https://registry.npmjs.org/@openai/codex/-/codex-0.153.4-linux-arm64.tgz'
CODEX_ARCHIVE_SHA256='439c0dd0d6923f607b4e5cd1e3079c12f0b86f6e5007f07e377d6ad25e2d7bb9'
CODEX_ARCHIVE_INTEGRITY='sha512-QKdjYLYV4hXIuUQDP3P6F4NXuWFoKo9WUoV4nAREIx55kiUyi8UsYdsVobkeXir5n/maEQgYMCKLHVma4rNPiw=='
CODEX_LATEST_VERIFIED_DATE='2026-09-05'
